# <module> <package> <versionCode> <apk sha256> <signer cert sha256>
MatonMicroGmsCore com.google.android.gms 252432032 169a53df557e6577322e7cc8aa3389cb82b3d6408dd162433cc94f1d084a73d4 9bd06727e62796c0130eb6dab39b73157451582cbd138e86c468acc395d14165
MatonMicroGCompanion com.android.vending 84022632 638f712d267bb9bc57311acbc49e769932bdea9f7fdda26a6ea98b921e632916 9bd06727e62796c0130eb6dab39b73157451582cbd138e86c468acc395d14165
MatonMicroGGsfProxy com.google.android.gsf 8 86891b174301f06a1c84187b545a0a2a57044c6b768f3e84e865908743349692 9bd06727e62796c0130eb6dab39b73157451582cbd138e86c468acc395d14165
