# Preinstalled apps, pinned from F-Droid's main repo (tools/fetch-apps.sh -u
# re-pins to the newest versions). F-Droid updates them later, so they must
# stay exactly as F-Droid ships them (see apps/Android.bp).
# <soong module> <package> <versionCode> <apk sha256> <signer cert sha256>
MatonFennec org.mozilla.fennec_fdroid 1560010 62cabfbbdd7fbbd00215edf5323010e103e166650028f4e03f413a38a7df7c11 06665358efd8ba05be236a47a12cb0958d7d75dd939d77c2b31f5398537ebdc5
MatonFossifyGallery org.fossify.gallery 28 ae7e699599e81f70e2b82626bb1dfa883fe096cd938387133e123c116e5641d9 affdb124d3f4720c2f98dbca9eacba0514fba4306e20a2786c861c3c0d6ff292
MatonFossifyCalendar org.fossify.calendar 20 2acbd47fa2abc6dd4846e406ed2fd60c5c01b8613158d10e012135923ee24894 affdb124d3f4720c2f98dbca9eacba0514fba4306e20a2786c861c3c0d6ff292
MatonFossifyContacts org.fossify.contacts 13 6a89be96b5ec39f5e2b11bd61dc7031f4b88261b324ab13af5743fbc62f0cddb affdb124d3f4720c2f98dbca9eacba0514fba4306e20a2786c861c3c0d6ff292
MatonFossifyClock org.fossify.clock 10 43cf9f0ec45f1f1ff2df47286622e5b8f3acedaeb07b7f7641b5243dbedca079 affdb124d3f4720c2f98dbca9eacba0514fba4306e20a2786c861c3c0d6ff292
MatonFossifyNotes org.fossify.notes 13 5a56e0e39cc488e1f3b947d3801006d3b7450ec73c67f03195c64c5fd3b6bced affdb124d3f4720c2f98dbca9eacba0514fba4306e20a2786c861c3c0d6ff292
MatonFossifyCalculator org.fossify.math 10 7c5443c22d6d62c67dfe80df33ea9161ff0fa440f92590bcb45d7008b57613ed affdb124d3f4720c2f98dbca9eacba0514fba4306e20a2786c861c3c0d6ff292
MatonFossifyMusicPlayer org.fossify.musicplayer 14 b5d0ce367544df1ac162adf71d642878c5b963a304ca0ddf8f8556f07bbba79b affdb124d3f4720c2f98dbca9eacba0514fba4306e20a2786c861c3c0d6ff292
MatonOpenCamera net.sourceforge.opencamera 96 ca5672ca8c7174554ca0b07b5b26e505817a05142f571cf2abe67e790c30249c 438991c968e8d308ca34078d37511c90c502d596baf9f0d0c5fbd1c9bf67df6d
