# Preinstalled apps, pinned from F-Droid's main repo (tools/fetch-apps.sh -u
# re-pins to the newest versions). F-Droid updates them later, so they must
# stay exactly as F-Droid ships them (see apps/Android.bp).
# <soong module> <package> <versionCode> <apk sha256> <signer cert sha256>
MatonFennec org.mozilla.fennec_fdroid 1560010 62cabfbbdd7fbbd00215edf5323010e103e166650028f4e03f413a38a7df7c11 06665358efd8ba05be236a47a12cb0958d7d75dd939d77c2b31f5398537ebdc5
MatonThunderbird net.thunderbird.android 33 473b33da5963d0a4261a834c845aaf8e3878309565e9f40e61f6e5def21565e5 b6524779b3dbbc5ac17a5ac271ddb29dcfbf723578c238e03c3c217811356dd1
MatonClock com.best.deskclock 2037 12d446e9fd32aa63941fba022dad33eeb98e74470d2d354a245f284bacdf4f87 91aec64808918f21cfec27339cc5bd3f529759fc79ac32ba4379531595bd375c
